
Microsoft Visual Studio Solution File, Format Version 12.00
# Visual Studio 15
VisualStudioVersion = 15.0.27004.2009
MinimumVisualStudioVersion = 10.0.40219.1
Project("{8BC9CEB8-8B4A-11D0-8D11-00A0C91BC942}") = "BullCowGame", "BullCowGame\BullCowGame.vcxproj", "{DECC5089-0FCB-4C00-81DC-C1DC185EFCE6}"
EndProject
Global
	GlobalSection(SolutionConfigurationPlatforms) = preSolution
		Debug|x64 = Debug|x64
		Debug|x86 = Debug|x86
		Release|x64 = Release|x64
		Release|x86 = Release|x86
	EndGlobalSection
	GlobalSection(ProjectConfigurationPlatforms) = postSolution
		{DECC5089-0FCB-4C00-81DC-C1DC185EFCE6}.Debug|x64.ActiveCfg = Debug|x64
		{DECC5089-0FCB-4C00-81DC-C1DC185EFCE6}.Debug|x64.Build.0 = Debug|x64
		{DECC5089-0FCB-4C00-81DC-C1DC185EFCE6}.Debug|x86.ActiveCfg = Debug|Win32
		{DECC5089-0FCB-4C00-81DC-C1DC185EFCE6}.Debug|x86.Build.0 = Debug|Win32
		{DECC5089-0FCB-4C00-81DC-C1DC185EFCE6}.Release|x64.ActiveCfg = Release|x64
		{DECC5089-0FCB-4C00-81DC-C1DC185EFCE6}.Release|x64.Build.0 = Release|x64
		{DECC5089-0FCB-4C00-81DC-C1DC185EFCE6}.Release|x86.ActiveCfg = Release|Win32
		{DECC5089-0FCB-4C00-81DC-C1DC185EFCE6}.Release|x86.Build.0 = Release|Win32
	EndGlobalSection
	GlobalSection(SolutionProperties) = preSolution
		HideSolutionNode = FALSE
	EndGlobalSection
	GlobalSection(ExtensibilityGlobals) = postSolution
		SolutionGuid = {8C8C8EC2-D2B4-4B25-AB94-436820695F71}
	EndGlobalSection
EndGlobal
